
Microsoft Visual Studio Solution File, Format Version 12.00
# Visual Studio Version 16
VisualStudioVersion = 16.0.30011.22
MinimumVisualStudioVersion = 10.0.40219.1
Project("{FAE04EC0-301F-11D3-BF4B-00C04F79EFBC}") = "DAL", "DAL\DAL.csproj", "{6F9253C4-CF55-46AC-92BC-11E9B0374381}"
EndProject
Project("{FAE04EC0-301F-11D3-BF4B-00C04F79EFBC}") = "WebApp", "WebApp\WebApp.csproj", "{88F6452F-9A67-4BFF-90D6-CF8A358AF583}"
EndProject
Global
	GlobalSection(SolutionConfigurationPlatforms) = preSolution
		Debug|Any CPU = Debug|Any CPU
		Release|Any CPU = Release|Any CPU
	EndGlobalSection
	GlobalSection(ProjectConfigurationPlatforms) = postSolution
		{6F9253C4-CF55-46AC-92BC-11E9B0374381}.Debug|Any CPU.ActiveCfg = Debug|Any CPU
		{6F9253C4-CF55-46AC-92BC-11E9B0374381}.Debug|Any CPU.Build.0 = Debug|Any CPU
		{6F9253C4-CF55-46AC-92BC-11E9B0374381}.Release|Any CPU.ActiveCfg = Release|Any CPU
		{6F9253C4-CF55-46AC-92BC-11E9B0374381}.Release|Any CPU.Build.0 = Release|Any CPU
		{88F6452F-9A67-4BFF-90D6-CF8A358AF583}.Debug|Any CPU.ActiveCfg = Debug|Any CPU
		{88F6452F-9A67-4BFF-90D6-CF8A358AF583}.Debug|Any CPU.Build.0 = Debug|Any CPU
		{88F6452F-9A67-4BFF-90D6-CF8A358AF583}.Release|Any CPU.ActiveCfg = Release|Any CPU
		{88F6452F-9A67-4BFF-90D6-CF8A358AF583}.Release|Any CPU.Build.0 = Release|Any CPU
	EndGlobalSection
	GlobalSection(SolutionProperties) = preSolution
		HideSolutionNode = FALSE
	EndGlobalSection
	GlobalSection(ExtensibilityGlobals) = postSolution
		SolutionGuid = {5BC0BC15-247C-4982-9E16-33E45896A70F}
	EndGlobalSection
EndGlobal
